
Microsoft Visual Studio Solution File, Format Version 12.00
# Visual Studio Version 17
VisualStudioVersion = 17.1.32228.430
MinimumVisualStudioVersion = 10.0.40219.1
Project("{FAE04EC0-301F-11D3-BF4B-00C04F79EFBC}") = "Client", "Client\Client.csproj", "{5C3C3C71-9032-49DA-B137-B361DF06DD2F}"
EndProject
Project("{FAE04EC0-301F-11D3-BF4B-00C04F79EFBC}") = "Server", "Server\Server.csproj", "{1E158EAD-32BD-4AF6-9428-BDCA845B9CEA}"
EndProject
Global
	GlobalSection(SolutionConfigurationPlatforms) = preSolution
		Debug|Any CPU = Debug|Any CPU
		Release|Any CPU = Release|Any CPU
	EndGlobalSection
	GlobalSection(ProjectConfigurationPlatforms) = postSolution
		{5C3C3C71-9032-49DA-B137-B361DF06DD2F}.Debug|Any CPU.ActiveCfg = Debug|Any CPU
		{5C3C3C71-9032-49DA-B137-B361DF06DD2F}.Debug|Any CPU.Build.0 = Debug|Any CPU
		{5C3C3C71-9032-49DA-B137-B361DF06DD2F}.Release|Any CPU.ActiveCfg = Release|Any CPU
		{5C3C3C71-9032-49DA-B137-B361DF06DD2F}.Release|Any CPU.Build.0 = Release|Any CPU
		{1E158EAD-32BD-4AF6-9428-BDCA845B9CEA}.Debug|Any CPU.ActiveCfg = Debug|Any CPU
		{1E158EAD-32BD-4AF6-9428-BDCA845B9CEA}.Debug|Any CPU.Build.0 = Debug|Any CPU
		{1E158EAD-32BD-4AF6-9428-BDCA845B9CEA}.Release|Any CPU.ActiveCfg = Release|Any CPU
		{1E158EAD-32BD-4AF6-9428-BDCA845B9CEA}.Release|Any CPU.Build.0 = Release|Any CPU
	EndGlobalSection
	GlobalSection(SolutionProperties) = preSolution
		HideSolutionNode = FALSE
	EndGlobalSection
	GlobalSection(ExtensibilityGlobals) = postSolution
		SolutionGuid = {E3FE1608-6B6B-46F2-972D-A859BCF2E90B}
	EndGlobalSection
EndGlobal
